
Microsoft Visual Studio Solution File, Format Version 12.00
# Visual Studio Version 16
VisualStudioVersion = 16.0.31829.152
MinimumVisualStudioVersion = 10.0.40219.1
Project("{FAE04EC0-301F-11D3-BF4B-00C04F79EFBC}") = "06. Programming Fundamentals Mid Exam Retake", "06. Programming Fundamentals Mid Exam Retake\06. Programming Fundamentals Mid Exam Retake.csproj", "{46AFD127-ECEE-4536-B99C-ED418826A5AA}"
EndProject
Project("{FAE04EC0-301F-11D3-BF4B-00C04F79EFBC}") = "01. Black Flag", "01. Black Flag\01. Black Flag.csproj", "{F441A9C7-9C20-4627-8E06-314EF1C872A1}"
EndProject
Project("{FAE04EC0-301F-11D3-BF4B-00C04F79EFBC}") = "02. Treasure Hunt", "02. Treasure Hunt\02. Treasure Hunt.csproj", "{6269D047-3479-4D87-8339-1D285FBC4714}"
EndProject
Project("{FAE04EC0-301F-11D3-BF4B-00C04F79EFBC}") = "02. MuOnline", "02. MuOnline\02. MuOnline.csproj", "{C29696E4-1394-438E-8A91-464D41EDF6A3}"
EndProject
Project("{FAE04EC0-301F-11D3-BF4B-00C04F79EFBC}") = "03. Heart Delivery", "03. Heart Delivery\03. Heart Delivery.csproj", "{13231E7E-AAE8-4719-85CF-167BA22BE895}"
EndProject
Global
	GlobalSection(SolutionConfigurationPlatforms) = preSolution
		Debug|Any CPU = Debug|Any CPU
		Release|Any CPU = Release|Any CPU
	EndGlobalSection
	GlobalSection(ProjectConfigurationPlatforms) = postSolution
		{46AFD127-ECEE-4536-B99C-ED418826A5AA}.Debug|Any CPU.ActiveCfg = Debug|Any CPU
		{46AFD127-ECEE-4536-B99C-ED418826A5AA}.Debug|Any CPU.Build.0 = Debug|Any CPU
		{46AFD127-ECEE-4536-B99C-ED418826A5AA}.Release|Any CPU.ActiveCfg = Release|Any CPU
		{46AFD127-ECEE-4536-B99C-ED418826A5AA}.Release|Any CPU.Build.0 = Release|Any CPU
		{F441A9C7-9C20-4627-8E06-314EF1C872A1}.Debug|Any CPU.ActiveCfg = Debug|Any CPU
		{F441A9C7-9C20-4627-8E06-314EF1C872A1}.Debug|Any CPU.Build.0 = Debug|Any CPU
		{F441A9C7-9C20-4627-8E06-314EF1C872A1}.Release|Any CPU.ActiveCfg = Release|Any CPU
		{F441A9C7-9C20-4627-8E06-314EF1C872A1}.Release|Any CPU.Build.0 = Release|Any CPU
		{6269D047-3479-4D87-8339-1D285FBC4714}.Debug|Any CPU.ActiveCfg = Debug|Any CPU
		{6269D047-3479-4D87-8339-1D285FBC4714}.Debug|Any CPU.Build.0 = Debug|Any CPU
		{6269D047-3479-4D87-8339-1D285FBC4714}.Release|Any CPU.ActiveCfg = Release|Any CPU
		{6269D047-3479-4D87-8339-1D285FBC4714}.Release|Any CPU.Build.0 = Release|Any CPU
		{C29696E4-1394-438E-8A91-464D41EDF6A3}.Debug|Any CPU.ActiveCfg = Debug|Any CPU
		{C29696E4-1394-438E-8A91-464D41EDF6A3}.Debug|Any CPU.Build.0 = Debug|Any CPU
		{C29696E4-1394-438E-8A91-464D41EDF6A3}.Release|Any CPU.ActiveCfg = Release|Any CPU
		{C29696E4-1394-438E-8A91-464D41EDF6A3}.Release|Any CPU.Build.0 = Release|Any CPU
		{13231E7E-AAE8-4719-85CF-167BA22BE895}.Debug|Any CPU.ActiveCfg = Debug|Any CPU
		{13231E7E-AAE8-4719-85CF-167BA22BE895}.Debug|Any CPU.Build.0 = Debug|Any CPU
		{13231E7E-AAE8-4719-85CF-167BA22BE895}.Release|Any CPU.ActiveCfg = Release|Any CPU
		{13231E7E-AAE8-4719-85CF-167BA22BE895}.Release|Any CPU.Build.0 = Release|Any CPU
	EndGlobalSection
	GlobalSection(SolutionProperties) = preSolution
		HideSolutionNode = FALSE
	EndGlobalSection
	GlobalSection(ExtensibilityGlobals) = postSolution
		SolutionGuid = {CC1078ED-2754-4313-91D2-DF080A48BCC7}
	EndGlobalSection
EndGlobal
